
Microsoft Visual Studio Solution File, Format Version 12.00
# Visual Studio 15
VisualStudioVersion = 15.0.27428.2005
MinimumVisualStudioVersion = 10.0.40219.1
Project("{FAE04EC0-301F-11D3-BF4B-00C04F79EFBC}") = "WebApplication1", "WebApplication1\WebApplication1.csproj", "{C8265EBE-91B3-4EBF-A78D-7A6AA4EC223B}"
EndProject
Global
	GlobalSection(SolutionConfigurationPlatforms) = preSolution
		Debug|Any CPU = Debug|Any CPU
		Release|Any CPU = Release|Any CPU
	EndGlobalSection
	GlobalSection(ProjectConfigurationPlatforms) = postSolution
		{C8265EBE-91B3-4EBF-A78D-7A6AA4EC223B}.Debug|Any CPU.ActiveCfg = Debug|Any CPU
		{C8265EBE-91B3-4EBF-A78D-7A6AA4EC223B}.Debug|Any CPU.Build.0 = Debug|Any CPU
		{C8265EBE-91B3-4EBF-A78D-7A6AA4EC223B}.Release|Any CPU.ActiveCfg = Release|Any CPU
		{C8265EBE-91B3-4EBF-A78D-7A6AA4EC223B}.Release|Any CPU.Build.0 = Release|Any CPU
	EndGlobalSection
	GlobalSection(SolutionProperties) = preSolution
		HideSolutionNode = FALSE
	EndGlobalSection
	GlobalSection(ExtensibilityGlobals) = postSolution
		SolutionGuid = {C12ABE07-270A-443F-BC05-D138B5E0ABDA}
	EndGlobalSection
EndGlobal
